
Microsoft Visual Studio Solution File, Format Version 12.00
# Visual Studio Version 16
VisualStudioVersion = 16.0.810.9
MinimumVisualStudioVersion = 10.0.40219.1
Project("{FAE04EC0-301F-11D3-BF4B-00C04F79EFBC}") = "NonSafariCrash.Android", "NonSafariCrash.Android\NonSafariCrash.Android.csproj", "{978E0D14-3015-4190-B3E2-B39FDB5B8ABF}"
EndProject
Project("{FAE04EC0-301F-11D3-BF4B-00C04F79EFBC}") = "NonSafariCrash.iOS", "NonSafariCrash.iOS\NonSafariCrash.iOS.csproj", "{3FC222B3-BE5E-46B5-850D-78619076EE3B}"
EndProject
Project("{FAE04EC0-301F-11D3-BF4B-00C04F79EFBC}") = "NonSafariCrash", "NonSafariCrash\NonSafariCrash.csproj", "{9AF42D43-9042-452E-8E44-2B504597D5C5}"
EndProject
Global
	GlobalSection(SolutionConfigurationPlatforms) = preSolution
		Debug|Any CPU = Debug|Any CPU
		Release|Any CPU = Release|Any CPU
		Debug|iPhoneSimulator = Debug|iPhoneSimulator
		Release|iPhoneSimulator = Release|iPhoneSimulator
		Debug|iPhone = Debug|iPhone
		Release|iPhone = Release|iPhone
	EndGlobalSection
	GlobalSection(ProjectConfigurationPlatforms) = postSolution
		{978E0D14-3015-4190-B3E2-B39FDB5B8ABF}.Debug|Any CPU.ActiveCfg = Debug|Any CPU
		{978E0D14-3015-4190-B3E2-B39FDB5B8ABF}.Debug|Any CPU.Build.0 = Debug|Any CPU
		{978E0D14-3015-4190-B3E2-B39FDB5B8ABF}.Release|Any CPU.ActiveCfg = Release|Any CPU
		{978E0D14-3015-4190-B3E2-B39FDB5B8ABF}.Release|Any CPU.Build.0 = Release|Any CPU
		{978E0D14-3015-4190-B3E2-B39FDB5B8ABF}.Debug|iPhoneSimulator.ActiveCfg = Debug|Any CPU
		{978E0D14-3015-4190-B3E2-B39FDB5B8ABF}.Debug|iPhoneSimulator.Build.0 = Debug|Any CPU
		{978E0D14-3015-4190-B3E2-B39FDB5B8ABF}.Release|iPhoneSimulator.ActiveCfg = Release|Any CPU
		{978E0D14-3015-4190-B3E2-B39FDB5B8ABF}.Release|iPhoneSimulator.Build.0 = Release|Any CPU
		{978E0D14-3015-4190-B3E2-B39FDB5B8ABF}.Debug|iPhone.ActiveCfg = Debug|Any CPU
		{978E0D14-3015-4190-B3E2-B39FDB5B8ABF}.Debug|iPhone.Build.0 = Debug|Any CPU
		{978E0D14-3015-4190-B3E2-B39FDB5B8ABF}.Release|iPhone.ActiveCfg = Release|Any CPU
		{978E0D14-3015-4190-B3E2-B39FDB5B8ABF}.Release|iPhone.Build.0 = Release|Any CPU
		{3FC222B3-BE5E-46B5-850D-78619076EE3B}.Debug|Any CPU.ActiveCfg = Debug|iPhoneSimulator
		{3FC222B3-BE5E-46B5-850D-78619076EE3B}.Debug|Any CPU.Build.0 = Debug|iPhoneSimulator
		{3FC222B3-BE5E-46B5-850D-78619076EE3B}.Release|Any CPU.ActiveCfg = Release|iPhoneSimulator
		{3FC222B3-BE5E-46B5-850D-78619076EE3B}.Release|Any CPU.Build.0 = Release|iPhoneSimulator
		{3FC222B3-BE5E-46B5-850D-78619076EE3B}.Debug|iPhoneSimulator.ActiveCfg = Debug|iPhoneSimulator
		{3FC222B3-BE5E-46B5-850D-78619076EE3B}.Debug|iPhoneSimulator.Build.0 = Debug|iPhoneSimulator
		{3FC222B3-BE5E-46B5-850D-78619076EE3B}.Release|iPhoneSimulator.ActiveCfg = Release|iPhoneSimulator
		{3FC222B3-BE5E-46B5-850D-78619076EE3B}.Release|iPhoneSimulator.Build.0 = Release|iPhoneSimulator
		{3FC222B3-BE5E-46B5-850D-78619076EE3B}.Debug|iPhone.ActiveCfg = Debug|iPhone
		{3FC222B3-BE5E-46B5-850D-78619076EE3B}.Debug|iPhone.Build.0 = Debug|iPhone
		{3FC222B3-BE5E-46B5-850D-78619076EE3B}.Release|iPhone.ActiveCfg = Release|iPhone
		{3FC222B3-BE5E-46B5-850D-78619076EE3B}.Release|iPhone.Build.0 = Release|iPhone
		{9AF42D43-9042-452E-8E44-2B504597D5C5}.Debug|Any CPU.ActiveCfg = Debug|Any CPU
		{9AF42D43-9042-452E-8E44-2B504597D5C5}.Debug|Any CPU.Build.0 = Debug|Any CPU
		{9AF42D43-9042-452E-8E44-2B504597D5C5}.Release|Any CPU.ActiveCfg = Release|Any CPU
		{9AF42D43-9042-452E-8E44-2B504597D5C5}.Release|Any CPU.Build.0 = Release|Any CPU
		{9AF42D43-9042-452E-8E44-2B504597D5C5}.Debug|iPhoneSimulator.ActiveCfg = Debug|Any CPU
		{9AF42D43-9042-452E-8E44-2B504597D5C5}.Debug|iPhoneSimulator.Build.0 = Debug|Any CPU
		{9AF42D43-9042-452E-8E44-2B504597D5C5}.Release|iPhoneSimulator.ActiveCfg = Release|Any CPU
		{9AF42D43-9042-452E-8E44-2B504597D5C5}.Release|iPhoneSimulator.Build.0 = Release|Any CPU
		{9AF42D43-9042-452E-8E44-2B504597D5C5}.Debug|iPhone.ActiveCfg = Debug|Any CPU
		{9AF42D43-9042-452E-8E44-2B504597D5C5}.Debug|iPhone.Build.0 = Debug|Any CPU
		{9AF42D43-9042-452E-8E44-2B504597D5C5}.Release|iPhone.ActiveCfg = Release|Any CPU
		{9AF42D43-9042-452E-8E44-2B504597D5C5}.Release|iPhone.Build.0 = Release|Any CPU
	EndGlobalSection
	GlobalSection(SolutionProperties) = preSolution
		HideSolutionNode = FALSE
	EndGlobalSection
	GlobalSection(ExtensibilityGlobals) = postSolution
		SolutionGuid = {12B8521F-EFD6-4124-B30C-47BC1EAA253F}
	EndGlobalSection
EndGlobal
